
Microsoft Visual Studio Solution File, Format Version 12.00
# Visual Studio Version 17
VisualStudioVersion = 17.10.35122.118
MinimumVisualStudioVersion = 10.0.40219.1
Project("{FAE04EC0-301F-11D3-BF4B-00C04F79EFBC}") = "CursoMAUI", "CursoMAUI.csproj", "{B63AC67C-2F31-406A-AE8E-40FFE7F79F2D}"
EndProject
Global
	GlobalSection(SolutionConfigurationPlatforms) = preSolution
		Debug|Any CPU = Debug|Any CPU
		Release|Any CPU = Release|Any CPU
	EndGlobalSection
	GlobalSection(ProjectConfigurationPlatforms) = postSolution
		{B63AC67C-2F31-406A-AE8E-40FFE7F79F2D}.Debug|Any CPU.ActiveCfg = Debug|Any CPU
		{B63AC67C-2F31-406A-AE8E-40FFE7F79F2D}.Debug|Any CPU.Build.0 = Debug|Any CPU
		{B63AC67C-2F31-406A-AE8E-40FFE7F79F2D}.Debug|Any CPU.Deploy.0 = Debug|Any CPU
		{B63AC67C-2F31-406A-AE8E-40FFE7F79F2D}.Release|Any CPU.ActiveCfg = Release|Any CPU
		{B63AC67C-2F31-406A-AE8E-40FFE7F79F2D}.Release|Any CPU.Build.0 = Release|Any CPU
	EndGlobalSection
	GlobalSection(SolutionProperties) = preSolution
		HideSolutionNode = FALSE
	EndGlobalSection
	GlobalSection(ExtensibilityGlobals) = postSolution
		SolutionGuid = {B20837A0-1846-4605-BF38-6F2C9B8B6E7D}
	EndGlobalSection
EndGlobal
